
Microsoft Visual Studio Solution File, Format Version 12.00
# Visual Studio 14
VisualStudioVersion = 14.0.25420.1
MinimumVisualStudioVersion = 10.0.40219.1
Project("{FAE04EC0-301F-11D3-BF4B-00C04F79EFBC}") = "lab8", "lab8\lab8.csproj", "{FE1FC785-D4BD-41EB-9AC7-4FC3BF94D616}"
EndProject
Global
	GlobalSection(SolutionConfigurationPlatforms) = preSolution
		Debug|Any CPU = Debug|Any CPU
		Release|Any CPU = Release|Any CPU
	EndGlobalSection
	GlobalSection(ProjectConfigurationPlatforms) = postSolution
		{FE1FC785-D4BD-41EB-9AC7-4FC3BF94D616}.Debug|Any CPU.ActiveCfg = Debug|Any CPU
		{FE1FC785-D4BD-41EB-9AC7-4FC3BF94D616}.Debug|Any CPU.Build.0 = Debug|Any CPU
		{FE1FC785-D4BD-41EB-9AC7-4FC3BF94D616}.Release|Any CPU.ActiveCfg = Release|Any CPU
		{FE1FC785-D4BD-41EB-9AC7-4FC3BF94D616}.Release|Any CPU.Build.0 = Release|Any CPU
	EndGlobalSection
	GlobalSection(SolutionProperties) = preSolution
		HideSolutionNode = FALSE
	EndGlobalSection
EndGlobal
